
Microsoft Visual Studio Solution File, Format Version 12.00
# Visual Studio Version 17
VisualStudioVersion = 17.3.32825.248
MinimumVisualStudioVersion = 10.0.40219.1
Project("{FAE04EC0-301F-11D3-BF4B-00C04F79EFBC}") = "OWApi", "OWApi\OWApi.csproj", "{8DA070AD-63F9-4EF6-9145-175AB8635F80}"
EndProject
Global
	GlobalSection(SolutionConfigurationPlatforms) = preSolution
		Debug|Any CPU = Debug|Any CPU
		Release|Any CPU = Release|Any CPU
	EndGlobalSection
	GlobalSection(ProjectConfigurationPlatforms) = postSolution
		{8DA070AD-63F9-4EF6-9145-175AB8635F80}.Debug|Any CPU.ActiveCfg = Debug|Any CPU
		{8DA070AD-63F9-4EF6-9145-175AB8635F80}.Debug|Any CPU.Build.0 = Debug|Any CPU
		{8DA070AD-63F9-4EF6-9145-175AB8635F80}.Release|Any CPU.ActiveCfg = Release|Any CPU
		{8DA070AD-63F9-4EF6-9145-175AB8635F80}.Release|Any CPU.Build.0 = Release|Any CPU
	EndGlobalSection
	GlobalSection(SolutionProperties) = preSolution
		HideSolutionNode = FALSE
	EndGlobalSection
	GlobalSection(ExtensibilityGlobals) = postSolution
		SolutionGuid = {D53D12B3-FE74-4BD1-B5B2-24E3C7E651A7}
	EndGlobalSection
EndGlobal
